// !$*UTF8*$!
{
	archiveVersion = 1;
	classes = {
	};
	objectVersion = 48;
	objects = {

/* Begin PBXBuildFile section */
		0E40A397A437C573B5606910 /* Pods_InstagramFirebase.framework in Frameworks */ = {isa = PBXBuildFile; fileRef = CCCBBB3DC8A8ED7E5DF2C43E /* Pods_InstagramFirebase.framework */; };
		59195A4369829510A56F4002 /* Pods_InstagramFirebaseTests.framework in Frameworks */ = {isa = PBXBuildFile; fileRef = B6BFE1BDC25642A6EF6BDC47 /* Pods_InstagramFirebaseTests.framework */; };
		64B90B30938BBFC90DAE78B0 /* Pods_InstagramFirebaseUITests.framework in Frameworks */ = {isa = PBXBuildFile; fileRef = A96C89305B51D2BD989A39A4 /* Pods_InstagramFirebaseUITests.framework */; };
		792CEB131FEB3BB400BA7543 /* MainTabBarController.swift in Sources */ = {isa = PBXBuildFile; fileRef = 792CEB121FEB3BB400BA7543 /* MainTabBarController.swift */; };
		792CEB151FEB3C2600BA7543 /* UserProfileController.swift in Sources */ = {isa = PBXBuildFile; fileRef = 792CEB141FEB3C2600BA7543 /* UserProfileController.swift */; };
		792CEB181FEB400500BA7543 /* UserProfileHeader.swift in Sources */ = {isa = PBXBuildFile; fileRef = 792CEB171FEB400500BA7543 /* UserProfileHeader.swift */; };
		792CEB1B1FEB509500BA7543 /* LoginController.swift in Sources */ = {isa = PBXBuildFile; fileRef = 792CEB1A1FEB509500BA7543 /* LoginController.swift */; };
		792CEB1E1FEB6C3C00BA7543 /* PhotoSelectorController.swift in Sources */ = {isa = PBXBuildFile; fileRef = 792CEB1D1FEB6C3C00BA7543 /* PhotoSelectorController.swift */; };
		792CEB201FEB855700BA7543 /* PhotoSelectorCell.swift in Sources */ = {isa = PBXBuildFile; fileRef = 792CEB1F1FEB855700BA7543 /* PhotoSelectorCell.swift */; };
		792CEB221FEB884F00BA7543 /* PhotoSelectorHeader.swift in Sources */ = {isa = PBXBuildFile; fileRef = 792CEB211FEB884F00BA7543 /* PhotoSelectorHeader.swift */; };
		793900971FF0B4B800C815E9 /* CameraController.swift in Sources */ = {isa = PBXBuildFile; fileRef = 793900961FF0B4B800C815E9 /* CameraController.swift */; };
		79405ECA1FEDD3AA0003F9FF /* HomeController.swift in Sources */ = {isa = PBXBuildFile; fileRef = 79405EC91FEDD3AA0003F9FF /* HomeController.swift */; };
		7943DEC41FEAFBE70093A783 /* AppDelegate.swift in Sources */ = {isa = PBXBuildFile; fileRef = 7943DEC31FEAFBE70093A783 /* AppDelegate.swift */; };
		7943DEC61FEAFBE70093A783 /* SignUpController.swift in Sources */ = {isa = PBXBuildFile; fileRef = 7943DEC51FEAFBE70093A783 /* SignUpController.swift */; };
		7943DEC91FEAFBE70093A783 /* Main.storyboard in Resources */ = {isa = PBXBuildFile; fileRef = 7943DEC71FEAFBE70093A783 /* Main.storyboard */; };
		7943DECC1FEAFBE70093A783 /* InstagramFirebase.xcdatamodeld in Sources */ = {isa = PBXBuildFile; fileRef = 7943DECA1FEAFBE70093A783 /* InstagramFirebase.xcdatamodeld */; };
		7943DECE1FEAFBE70093A783 /* Assets.xcassets in Resources */ = {isa = PBXBuildFile; fileRef = 7943DECD1FEAFBE70093A783 /* Assets.xcassets */; };
		7943DED11FEAFBE70093A783 /* LaunchScreen.storyboard in Resources */ = {isa = PBXBuildFile; fileRef = 7943DECF1FEAFBE70093A783 /* LaunchScreen.storyboard */; };
		7943DEDC1FEAFBE70093A783 /* InstagramFirebaseTests.swift in Sources */ = {isa = PBXBuildFile; fileRef = 7943DEDB1FEAFBE70093A783 /* InstagramFirebaseTests.swift */; };
		7943DEE71FEAFBE70093A783 /* InstagramFirebaseUITests.swift in Sources */ = {isa = PBXBuildFile; fileRef = 7943DEE61FEAFBE70093A783 /* InstagramFirebaseUITests.swift */; };
		7943DEF61FEB07EF0093A783 /* Extensions.swift in Sources */ = {isa = PBXBuildFile; fileRef = 7943DEF51FEB07EF0093A783 /* Extensions.swift */; };
		7943DEF81FEB0F900093A783 /* GoogleService-Info.plist in Resources */ = {isa = PBXBuildFile; fileRef = 7943DEF71FEB0F900093A783 /* GoogleService-Info.plist */; };
		797D524B1FEF4B0700B76F6A /* User.swift in Sources */ = {isa = PBXBuildFile; fileRef = 797D524A1FEF4B0700B76F6A /* User.swift */; };
		797D524D1FEF848B00B76F6A /* FirebaseDatabaseUtils.swift in Sources */ = {isa = PBXBuildFile; fileRef = 797D524C1FEF848B00B76F6A /* FirebaseDatabaseUtils.swift */; };
		797D52501FEF8FAE00B76F6A /* UserSearchController.swift in Sources */ = {isa = PBXBuildFile; fileRef = 797D524F1FEF8FAE00B76F6A /* UserSearchController.swift */; };
		797D52521FEF936500B76F6A /* UserSearchCell.swift in Sources */ = {isa = PBXBuildFile; fileRef = 797D52511FEF936500B76F6A /* UserSearchCell.swift */; };
		7983BD2D1FF0D4DF0015A095 /* PreviewPhotoContainerView.swift in Sources */ = {isa = PBXBuildFile; fileRef = 7983BD2C1FF0D4DF0015A095 /* PreviewPhotoContainerView.swift */; };
		7983BD2F1FF0D9CE0015A095 /* CustomAnimationPresentor.swift in Sources */ = {isa = PBXBuildFile; fileRef = 7983BD2E1FF0D9CE0015A095 /* CustomAnimationPresentor.swift */; };
		7983BD311FF0D9E50015A095 /* CustomAnimationDismisser.swift in Sources */ = {isa = PBXBuildFile; fileRef = 7983BD301FF0D9E50015A095 /* CustomAnimationDismisser.swift */; };
		7983BD331FF0E29D0015A095 /* CommentsController.swift in Sources */ = {isa = PBXBuildFile; fileRef = 7983BD321FF0E29D0015A095 /* CommentsController.swift */; };
		7991CDAB1FEDD4BB004A2CDA /* HomePostCell.swift in Sources */ = {isa = PBXBuildFile; fileRef = 7991CDAA1FEDD4BB004A2CDA /* HomePostCell.swift */; };
		79E470731FECDF9200D89833 /* SharePhotoController.swift in Sources */ = {isa = PBXBuildFile; fileRef = 79E470721FECDF9200D89833 /* SharePhotoController.swift */; };
		79E470761FECFC9B00D89833 /* Post.swift in Sources */ = {isa = PBXBuildFile; fileRef = 79E470751FECFC9B00D89833 /* Post.swift */; };
		79E470781FECFD9900D89833 /* UserProfilePhotoCell.swift in Sources */ = {isa = PBXBuildFile; fileRef = 79E470771FECFD9900D89833 /* UserProfilePhotoCell.swift */; };
		79E4707A1FED024700D89833 /* CustomImageView.swift in Sources */ = {isa = PBXBuildFile; fileRef = 79E470791FED024700D89833 /* CustomImageView.swift */; };
/* End PBXBuildFile section */

/* Begin PBXContainerItemProxy section */
		7943DED81FEAFBE70093A783 /* PBXContainerItemProxy */ = {
			isa = PBXContainerItemProxy;
			containerPortal = 7943DEB81FEAFBE70093A783 /* Project object */;
			proxyType = 1;
			remoteGlobalIDString = 7943DEBF1FEAFBE70093A783;
			remoteInfo = InstagramFirebase;
		};
		7943DEE31FEAFBE70093A783 /* PBXContainerItemProxy */ = {
			isa = PBXContainerItemProxy;
			containerPortal = 7943DEB81FEAFBE70093A783 /* Project object */;
			proxyType = 1;
			remoteGlobalIDString = 7943DEBF1FEAFBE70093A783;
			remoteInfo = InstagramFirebase;
		};
/* End PBXContainerItemProxy section */

/* Begin PBXFileReference section */
		2E33DB015AE6A55E19BDA3E3 /* Pods-InstagramFirebaseUITests.release.xcconfig */ = {isa = PBXFileReference; includeInIndex = 1; lastKnownFileType = text.xcconfig; name = "Pods-InstagramFirebaseUITests.release.xcconfig"; path = "Pods/Target Support Files/Pods-InstagramFirebaseUITests/Pods-InstagramFirebaseUITests.release.xcconfig"; sourceTree = "<group>"; };
		6E35BCF44AA5B608E6ABFFD6 /* Pods-InstagramFirebaseTests.release.xcconfig */ = {isa = PBXFileReference; includeInIndex = 1; lastKnownFileType = text.xcconfig; name = "Pods-InstagramFirebaseTests.release.xcconfig"; path = "Pods/Target Support Files/Pods-InstagramFirebaseTests/Pods-InstagramFirebaseTests.release.xcconfig"; sourceTree = "<group>"; };
		705AB3192D48613D2575EDAB /* Pods-InstagramFirebaseTests.debug.xcconfig */ = {isa = PBXFileReference; includeInIndex = 1; lastKnownFileType = text.xcconfig; name = "Pods-InstagramFirebaseTests.debug.xcconfig"; path = "Pods/Target Support Files/Pods-InstagramFirebaseTests/Pods-InstagramFirebaseTests.debug.xcconfig"; sourceTree = "<group>"; };
		792CEB121FEB3BB400BA7543 /* MainTabBarController.swift */ = {isa = PBXFileReference; lastKnownFileType = sourcecode.swift; path = MainTabBarController.swift; sourceTree = "<group>"; };
		792CEB141FEB3C2600BA7543 /* UserProfileController.swift */ = {isa = PBXFileReference; lastKnownFileType = sourcecode.swift; path = UserProfileController.swift; sourceTree = "<group>"; };
		792CEB171FEB400500BA7543 /* UserProfileHeader.swift */ = {isa = PBXFileReference; lastKnownFileType = sourcecode.swift; path = UserProfileHeader.swift; sourceTree = "<group>"; };
		792CEB1A1FEB509500BA7543 /* LoginController.swift */ = {isa = PBXFileReference; lastKnownFileType = sourcecode.swift; path = LoginController.swift; sourceTree = "<group>"; };
		792CEB1D1FEB6C3C00BA7543 /* PhotoSelectorController.swift */ = {isa = PBXFileReference; lastKnownFileType = sourcecode.swift; path = PhotoSelectorController.swift; sourceTree = "<group>"; };
		792CEB1F1FEB855700BA7543 /* PhotoSelectorCell.swift */ = {isa = PBXFileReference; lastKnownFileType = sourcecode.swift; path = PhotoSelectorCell.swift; sourceTree = "<group>"; };
		792CEB211FEB884F00BA7543 /* PhotoSelectorHeader.swift */ = {isa = PBXFileReference; lastKnownFileType = sourcecode.swift; path = PhotoSelectorHeader.swift; sourceTree = "<group>"; };
		793900961FF0B4B800C815E9 /* CameraController.swift */ = {isa = PBXFileReference; lastKnownFileType = sourcecode.swift; path = CameraController.swift; sourceTree = "<group>"; };
		79405EC91FEDD3AA0003F9FF /* HomeController.swift */ = {isa = PBXFileReference; lastKnownFileType = sourcecode.swift; path = HomeController.swift; sourceTree = "<group>"; };
		7943DEC01FEAFBE70093A783 /* InstagramFirebase.app */ = {isa = PBXFileReference; explicitFileType = wrapper.application; includeInIndex = 0; path = InstagramFirebase.app; sourceTree = BUILT_PRODUCTS_DIR; };
		7943DEC31FEAFBE70093A783 /* AppDelegate.swift */ = {isa = PBXFileReference; lastKnownFileType = sourcecode.swift; path = AppDelegate.swift; sourceTree = "<group>"; };
		7943DEC51FEAFBE70093A783 /* SignUpController.swift */ = {isa = PBXFileReference; lastKnownFileType = sourcecode.swift; path = SignUpController.swift; sourceTree = "<group>"; };
		7943DEC81FEAFBE70093A783 /* Base */ = {isa = PBXFileReference; lastKnownFileType = file.storyboard; name = Base; path = Base.lproj/Main.storyboard; sourceTree = "<group>"; };
		7943DECB1FEAFBE70093A783 /* InstagramFirebase.xcdatamodel */ = {isa = PBXFileReference; lastKnownFileType = wrapper.xcdatamodel; path = InstagramFirebase.xcdatamodel; sourceTree = "<group>"; };
		7943DECD1FEAFBE70093A783 /* Assets.xcassets */ = {isa = PBXFileReference; lastKnownFileType = folder.assetcatalog; path = Assets.xcassets; sourceTree = "<group>"; };
		7943DED01FEAFBE70093A783 /* Base */ = {isa = PBXFileReference; lastKnownFileType = file.storyboard; name = Base; path = Base.lproj/LaunchScreen.storyboard; sourceTree = "<group>"; };
		7943DED21FEAFBE70093A783 /* Info.plist */ = {isa = PBXFileReference; lastKnownFileType = text.plist.xml; path = Info.plist; sourceTree = "<group>"; };
		7943DED71FEAFBE70093A783 /* InstagramFirebaseTests.xctest */ = {isa = PBXFileReference; explicitFileType = wrapper.cfbundle; includeInIndex = 0; path = InstagramFirebaseTests.xctest; sourceTree = BUILT_PRODUCTS_DIR; };
		7943DEDB1FEAFBE70093A783 /* InstagramFirebaseTests.swift */ = {isa = PBXFileReference; lastKnownFileType = sourcecode.swift; path = InstagramFirebaseTests.swift; sourceTree = "<group>"; };
		7943DEDD1FEAFBE70093A783 /* Info.plist */ = {isa = PBXFileReference; lastKnownFileType = text.plist.xml; path = Info.plist; sourceTree = "<group>"; };
		7943DEE21FEAFBE70093A783 /* InstagramFirebaseUITests.xctest */ = {isa = PBXFileReference; explicitFileType = wrapper.cfbundle; includeInIndex = 0; path = InstagramFirebaseUITests.xctest; sourceTree = BUILT_PRODUCTS_DIR; };
		7943DEE61FEAFBE70093A783 /* InstagramFirebaseUITests.swift */ = {isa = PBXFileReference; lastKnownFileType = sourcecode.swift; path = InstagramFirebaseUITests.swift; sourceTree = "<group>"; };
		7943DEE81FEAFBE70093A783 /* Info.plist */ = {isa = PBXFileReference; lastKnownFileType = text.plist.xml; path = Info.plist; sourceTree = "<group>"; };
		7943DEF51FEB07EF0093A783 /* Extensions.swift */ = {isa = PBXFileReference; lastKnownFileType = sourcecode.swift; path = Extensions.swift; sourceTree = "<group>"; };
		7943DEF71FEB0F900093A783 /* GoogleService-Info.plist */ = {isa = PBXFileReference; fileEncoding = 4; lastKnownFileType = text.plist.xml; path = "GoogleService-Info.plist"; sourceTree = "<group>"; };
		797D524A1FEF4B0700B76F6A /* User.swift */ = {isa = PBXFileReference; lastKnownFileType = sourcecode.swift; path = User.swift; sourceTree = "<group>"; };
		797D524C1FEF848B00B76F6A /* FirebaseDatabaseUtils.swift */ = {isa = PBXFileReference; lastKnownFileType = sourcecode.swift; path = FirebaseDatabaseUtils.swift; sourceTree = "<group>"; };
		797D524F1FEF8FAE00B76F6A /* UserSearchController.swift */ = {isa = PBXFileReference; lastKnownFileType = sourcecode.swift; path = UserSearchController.swift; sourceTree = "<group>"; };
		797D52511FEF936500B76F6A /* UserSearchCell.swift */ = {isa = PBXFileReference; lastKnownFileType = sourcecode.swift; path = UserSearchCell.swift; sourceTree = "<group>"; };
		7983BD2C1FF0D4DF0015A095 /* PreviewPhotoContainerView.swift */ = {isa = PBXFileReference; lastKnownFileType = sourcecode.swift; path = PreviewPhotoContainerView.swift; sourceTree = "<group>"; };
		7983BD2E1FF0D9CE0015A095 /* CustomAnimationPresentor.swift */ = {isa = PBXFileReference; lastKnownFileType = sourcecode.swift; path = CustomAnimationPresentor.swift; sourceTree = "<group>"; };
		7983BD301FF0D9E50015A095 /* CustomAnimationDismisser.swift */ = {isa = PBXFileReference; lastKnownFileType = sourcecode.swift; path = CustomAnimationDismisser.swift; sourceTree = "<group>"; };
		7983BD321FF0E29D0015A095 /* CommentsController.swift */ = {isa = PBXFileReference; lastKnownFileType = sourcecode.swift; path = CommentsController.swift; sourceTree = "<group>"; };
		7991CDAA1FEDD4BB004A2CDA /* HomePostCell.swift */ = {isa = PBXFileReference; lastKnownFileType = sourcecode.swift; path = HomePostCell.swift; sourceTree = "<group>"; };
		79E470721FECDF9200D89833 /* SharePhotoController.swift */ = {isa = PBXFileReference; lastKnownFileType = sourcecode.swift; path = SharePhotoController.swift; sourceTree = "<group>"; };
		79E470751FECFC9B00D89833 /* Post.swift */ = {isa = PBXFileReference; lastKnownFileType = sourcecode.swift; path = Post.swift; sourceTree = "<group>"; };
		79E470771FECFD9900D89833 /* UserProfilePhotoCell.swift */ = {isa = PBXFileReference; lastKnownFileType = sourcecode.swift; path = UserProfilePhotoCell.swift; sourceTree = "<group>"; };
		79E470791FED024700D89833 /* CustomImageView.swift */ = {isa = PBXFileReference; lastKnownFileType = sourcecode.swift; path = CustomImageView.swift; sourceTree = "<group>"; };
		A96C89305B51D2BD989A39A4 /* Pods_InstagramFirebaseUITests.framework */ = {isa = PBXFileReference; explicitFileType = wrapper.framework; includeInIndex = 0; path = Pods_InstagramFirebaseUITests.framework; sourceTree = BUILT_PRODUCTS_DIR; };
		B6BFE1BDC25642A6EF6BDC47 /* Pods_InstagramFirebaseTests.framework */ = {isa = PBXFileReference; explicitFileType = wrapper.framework; includeInIndex = 0; path = Pods_InstagramFirebaseTests.framework; sourceTree = BUILT_PRODUCTS_DIR; };
		BA49BB05AA3B279ACFE20294 /* Pods-InstagramFirebase.debug.xcconfig */ = {isa = PBXFileReference; includeInIndex = 1; lastKnownFileType = text.xcconfig; name = "Pods-InstagramFirebase.debug.xcconfig"; path = "Pods/Target Support Files/Pods-InstagramFirebase/Pods-InstagramFirebase.debug.xcconfig"; sourceTree = "<group>"; };
		CCCBBB3DC8A8ED7E5DF2C43E /* Pods_InstagramFirebase.framework */ = {isa = PBXFileReference; explicitFileType = wrapper.framework; includeInIndex = 0; path = Pods_InstagramFirebase.framework; sourceTree = BUILT_PRODUCTS_DIR; };
		D925218225EF5464A4AFF5D0 /* Pods-InstagramFirebase.release.xcconfig */ = {isa = PBXFileReference; includeInIndex = 1; lastKnownFileType = text.xcconfig; name = "Pods-InstagramFirebase.release.xcconfig"; path = "Pods/Target Support Files/Pods-InstagramFirebase/Pods-InstagramFirebase.release.xcconfig"; sourceTree = "<group>"; };
		FBB351242BC4883E0C5559F2 /* Pods-InstagramFirebaseUITests.debug.xcconfig */ = {isa = PBXFileReference; includeInIndex = 1; lastKnownFileType = text.xcconfig; name = "Pods-InstagramFirebaseUITests.debug.xcconfig"; path = "Pods/Target Support Files/Pods-InstagramFirebaseUITests/Pods-InstagramFirebaseUITests.debug.xcconfig"; sourceTree = "<group>"; };
/* End PBXFileReference section */

/* Begin PBXFrameworksBuildPhase section */
		7943DEBD1FEAFBE70093A783 /* Frameworks */ = {
			isa = PBXFrameworksBuildPhase;
			buildActionMask = 2147483647;
			files = (
				0E40A397A437C573B5606910 /* Pods_InstagramFirebase.framework in Frameworks */,
			);
			runOnlyForDeploymentPostprocessing = 0;
		};
		7943DED41FEAFBE70093A783 /* Frameworks */ = {
			isa = PBXFrameworksBuildPhase;
			buildActionMask = 2147483647;
			files = (
				59195A4369829510A56F4002 /* Pods_InstagramFirebaseTests.framework in Frameworks */,
			);
			runOnlyForDeploymentPostprocessing = 0;
		};
		7943DEDF1FEAFBE70093A783 /* Frameworks */ = {
			isa = PBXFrameworksBuildPhase;
			buildActionMask = 2147483647;
			files = (
				64B90B30938BBFC90DAE78B0 /* Pods_InstagramFirebaseUITests.framework in Frameworks */,
			);
			runOnlyForDeploymentPostprocessing = 0;
		};
/* End PBXFrameworksBuildPhase section */

/* Begin PBXGroup section */
		792CEB161FEB3FFB00BA7543 /* UserProfile */ = {
			isa = PBXGroup;
			children = (
				792CEB141FEB3C2600BA7543 /* UserProfileController.swift */,
				792CEB171FEB400500BA7543 /* UserProfileHeader.swift */,
				79E470771FECFD9900D89833 /* UserProfilePhotoCell.swift */,
			);
			path = UserProfile;
			sourceTree = "<group>";
		};
		792CEB191FEB508C00BA7543 /* Login */ = {
			isa = PBXGroup;
			children = (
				792CEB1A1FEB509500BA7543 /* LoginController.swift */,
				7943DEC51FEAFBE70093A783 /* SignUpController.swift */,
			);
			path = Login;
			sourceTree = "<group>";
		};
		792CEB1C1FEB6C2900BA7543 /* AddPhoto */ = {
			isa = PBXGroup;
			children = (
				792CEB1D1FEB6C3C00BA7543 /* PhotoSelectorController.swift */,
				792CEB1F1FEB855700BA7543 /* PhotoSelectorCell.swift */,
				792CEB211FEB884F00BA7543 /* PhotoSelectorHeader.swift */,
				79E470721FECDF9200D89833 /* SharePhotoController.swift */,
			);
			path = AddPhoto;
			sourceTree = "<group>";
		};
		793900951FF0B4AA00C815E9 /* Camera */ = {
			isa = PBXGroup;
			children = (
				793900961FF0B4B800C815E9 /* CameraController.swift */,
				7983BD2C1FF0D4DF0015A095 /* PreviewPhotoContainerView.swift */,
				7983BD2E1FF0D9CE0015A095 /* CustomAnimationPresentor.swift */,
				7983BD301FF0D9E50015A095 /* CustomAnimationDismisser.swift */,
			);
			path = Camera;
			sourceTree = "<group>";
		};
		79405EC81FEDD3A10003F9FF /* Home */ = {
			isa = PBXGroup;
			children = (
				79405EC91FEDD3AA0003F9FF /* HomeController.swift */,
				7991CDAA1FEDD4BB004A2CDA /* HomePostCell.swift */,
				7983BD321FF0E29D0015A095 /* CommentsController.swift */,
			);
			path = Home;
			sourceTree = "<group>";
		};
		7943DEB71FEAFBE70093A783 = {
			isa = PBXGroup;
			children = (
				7943DEC21FEAFBE70093A783 /* InstagramFirebase */,
				7943DEDA1FEAFBE70093A783 /* InstagramFirebaseTests */,
				7943DEE51FEAFBE70093A783 /* InstagramFirebaseUITests */,
				7943DEC11FEAFBE70093A783 /* Products */,
				826AC46CE58FAAE7AD7A6C8A /* Pods */,
				F609E53F638C23984F2EC8C6 /* Frameworks */,
			);
			sourceTree = "<group>";
		};
		7943DEC11FEAFBE70093A783 /* Products */ = {
			isa = PBXGroup;
			children = (
				7943DEC01FEAFBE70093A783 /* InstagramFirebase.app */,
				7943DED71FEAFBE70093A783 /* InstagramFirebaseTests.xctest */,
				7943DEE21FEAFBE70093A783 /* InstagramFirebaseUITests.xctest */,
			);
			name = Products;
			sourceTree = "<group>";
		};
		7943DEC21FEAFBE70093A783 /* InstagramFirebase */ = {
			isa = PBXGroup;
			children = (
				793900951FF0B4AA00C815E9 /* Camera */,
				797D524E1FEF8FA100B76F6A /* Search */,
				79405EC81FEDD3A10003F9FF /* Home */,
				79E470741FECFC9100D89833 /* Models */,
				792CEB1C1FEB6C2900BA7543 /* AddPhoto */,
				792CEB191FEB508C00BA7543 /* Login */,
				792CEB161FEB3FFB00BA7543 /* UserProfile */,
				7943DEF41FEB07E20093A783 /* utils */,
				7943DEC31FEAFBE70093A783 /* AppDelegate.swift */,
				7943DEC71FEAFBE70093A783 /* Main.storyboard */,
				7943DECD1FEAFBE70093A783 /* Assets.xcassets */,
				7943DECF1FEAFBE70093A783 /* LaunchScreen.storyboard */,
				7943DED21FEAFBE70093A783 /* Info.plist */,
				7943DEF71FEB0F900093A783 /* GoogleService-Info.plist */,
				7943DECA1FEAFBE70093A783 /* InstagramFirebase.xcdatamodeld */,
				792CEB121FEB3BB400BA7543 /* MainTabBarController.swift */,
			);
			path = InstagramFirebase;
			sourceTree = "<group>";
		};
		7943DEDA1FEAFBE70093A783 /* InstagramFirebaseTests */ = {
			isa = PBXGroup;
			children = (
				7943DEDB1FEAFBE70093A783 /* InstagramFirebaseTests.swift */,
				7943DEDD1FEAFBE70093A783 /* Info.plist */,
			);
			path = InstagramFirebaseTests;
			sourceTree = "<group>";
		};
		7943DEE51FEAFBE70093A783 /* InstagramFirebaseUITests */ = {
			isa = PBXGroup;
			children = (
				7943DEE61FEAFBE70093A783 /* InstagramFirebaseUITests.swift */,
				7943DEE81FEAFBE70093A783 /* Info.plist */,
			);
			path = InstagramFirebaseUITests;
			sourceTree = "<group>";
		};
		7943DEF41FEB07E20093A783 /* utils */ = {
			isa = PBXGroup;
			children = (
				7943DEF51FEB07EF0093A783 /* Extensions.swift */,
				79E470791FED024700D89833 /* CustomImageView.swift */,
				797D524C1FEF848B00B76F6A /* FirebaseDatabaseUtils.swift */,
			);
			path = utils;
			sourceTree = "<group>";
		};
		797D524E1FEF8FA100B76F6A /* Search */ = {
			isa = PBXGroup;
			children = (
				797D524F1FEF8FAE00B76F6A /* UserSearchController.swift */,
				797D52511FEF936500B76F6A /* UserSearchCell.swift */,
			);
			path = Search;
			sourceTree = "<group>";
		};
		79E470741FECFC9100D89833 /* Models */ = {
			isa = PBXGroup;
			children = (
				79E470751FECFC9B00D89833 /* Post.swift */,
				797D524A1FEF4B0700B76F6A /* User.swift */,
			);
			path = Models;
			sourceTree = "<group>";
		};
		826AC46CE58FAAE7AD7A6C8A /* Pods */ = {
			isa = PBXGroup;
			children = (
				BA49BB05AA3B279ACFE20294 /* Pods-InstagramFirebase.debug.xcconfig */,
				D925218225EF5464A4AFF5D0 /* Pods-InstagramFirebase.release.xcconfig */,
				705AB3192D48613D2575EDAB /* Pods-InstagramFirebaseTests.debug.xcconfig */,
				6E35BCF44AA5B608E6ABFFD6 /* Pods-InstagramFirebaseTests.release.xcconfig */,
				FBB351242BC4883E0C5559F2 /* Pods-InstagramFirebaseUITests.debug.xcconfig */,
				2E33DB015AE6A55E19BDA3E3 /* Pods-InstagramFirebaseUITests.release.xcconfig */,
			);
			name = Pods;
			sourceTree = "<group>";
		};
		F609E53F638C23984F2EC8C6 /* Frameworks */ = {
			isa = PBXGroup;
			children = (
				CCCBBB3DC8A8ED7E5DF2C43E /* Pods_InstagramFirebase.framework */,
				B6BFE1BDC25642A6EF6BDC47 /* Pods_InstagramFirebaseTests.framework */,
				A96C89305B51D2BD989A39A4 /* Pods_InstagramFirebaseUITests.framework */,
			);
			name = Frameworks;
			sourceTree = "<group>";
		};
/* End PBXGroup section */

/* Begin PBXNativeTarget section */
		7943DEBF1FEAFBE70093A783 /* InstagramFirebase */ = {
			isa = PBXNativeTarget;
			buildConfigurationList = 7943DEEB1FEAFBE70093A783 /* Build configuration list for PBXNativeTarget "InstagramFirebase" */;
			buildPhases = (
				425E9447721CAB0D2BC80579 /* [CP] Check Pods Manifest.lock */,
				7943DEBC1FEAFBE70093A783 /* Sources */,
				7943DEBD1FEAFBE70093A783 /* Frameworks */,
				7943DEBE1FEAFBE70093A783 /* Resources */,
				91E991DAD02A8B136351AFC0 /* [CP] Embed Pods Frameworks */,
				0725D6071453C1C8845BE891 /* [CP] Copy Pods Resources */,
			);
			buildRules = (
			);
			dependencies = (
			);
			name = InstagramFirebase;
			productName = InstagramFirebase;
			productReference = 7943DEC01FEAFBE70093A783 /* InstagramFirebase.app */;
			productType = "com.apple.product-type.application";
		};
		7943DED61FEAFBE70093A783 /* InstagramFirebaseTests */ = {
			isa = PBXNativeTarget;
			buildConfigurationList = 7943DEEE1FEAFBE70093A783 /* Build configuration list for PBXNativeTarget "InstagramFirebaseTests" */;
			buildPhases = (
				598B841E7E3B5626A4BE9B08 /* [CP] Check Pods Manifest.lock */,
				7943DED31FEAFBE70093A783 /* Sources */,
				7943DED41FEAFBE70093A783 /* Frameworks */,
				7943DED51FEAFBE70093A783 /* Resources */,
				81F0F338A4F7D11BFBA9D078 /* [CP] Embed Pods Frameworks */,
				B18424CC534CC39CE0FB7296 /* [CP] Copy Pods Resources */,
			);
			buildRules = (
			);
			dependencies = (
				7943DED91FEAFBE70093A783 /* PBXTargetDependency */,
			);
			name = InstagramFirebaseTests;
			productName = InstagramFirebaseTests;
			productReference = 7943DED71FEAFBE70093A783 /* InstagramFirebaseTests.xctest */;
			productType = "com.apple.product-type.bundle.unit-test";
		};
		7943DEE11FEAFBE70093A783 /* InstagramFirebaseUITests */ = {
			isa = PBXNativeTarget;
			buildConfigurationList = 7943DEF11FEAFBE70093A783 /* Build configuration list for PBXNativeTarget "InstagramFirebaseUITests" */;
			buildPhases = (
				74B5D0986E158E1B9911A9DB /* [CP] Check Pods Manifest.lock */,
				7943DEDE1FEAFBE70093A783 /* Sources */,
				7943DEDF1FEAFBE70093A783 /* Frameworks */,
				7943DEE01FEAFBE70093A783 /* Resources */,
				A4EDEE87CBADE8F2140EF3EF /* [CP] Embed Pods Frameworks */,
				C98EC6CE08B3E503F28D439E /* [CP] Copy Pods Resources */,
			);
			buildRules = (
			);
			dependencies = (
				7943DEE41FEAFBE70093A783 /* PBXTargetDependency */,
			);
			name = InstagramFirebaseUITests;
			productName = InstagramFirebaseUITests;
			productReference = 7943DEE21FEAFBE70093A783 /* InstagramFirebaseUITests.xctest */;
			productType = "com.apple.product-type.bundle.ui-testing";
		};
/* End PBXNativeTarget section */

/* Begin PBXProject section */
		7943DEB81FEAFBE70093A783 /* Project object */ = {
			isa = PBXProject;
			attributes = {
				LastSwiftUpdateCheck = 0900;
				LastUpgradeCheck = 0900;
				ORGANIZATIONNAME = AsherApps;
				TargetAttributes = {
					7943DEBF1FEAFBE70093A783 = {
						CreatedOnToolsVersion = 9.0;
						ProvisioningStyle = Automatic;
					};
					7943DED61FEAFBE70093A783 = {
						CreatedOnToolsVersion = 9.0;
						ProvisioningStyle = Automatic;
						TestTargetID = 7943DEBF1FEAFBE70093A783;
					};
					7943DEE11FEAFBE70093A783 = {
						CreatedOnToolsVersion = 9.0;
						ProvisioningStyle = Automatic;
						TestTargetID = 7943DEBF1FEAFBE70093A783;
					};
				};
			};
			buildConfigurationList = 7943DEBB1FEAFBE70093A783 /* Build configuration list for PBXProject "InstagramFirebase" */;
			compatibilityVersion = "Xcode 8.0";
			developmentRegion = en;
			hasScannedForEncodings = 0;
			knownRegions = (
				en,
				Base,
			);
			mainGroup = 7943DEB71FEAFBE70093A783;
			productRefGroup = 7943DEC11FEAFBE70093A783 /* Products */;
			projectDirPath = "";
			projectRoot = "";
			targets = (
				7943DEBF1FEAFBE70093A783 /* InstagramFirebase */,
				7943DED61FEAFBE70093A783 /* InstagramFirebaseTests */,
				7943DEE11FEAFBE70093A783 /* InstagramFirebaseUITests */,
			);
		};
/* End PBXProject section */

/* Begin PBXResourcesBuildPhase section */
		7943DEBE1FEAFBE70093A783 /* Resources */ = {
			isa = PBXResourcesBuildPhase;
			buildActionMask = 2147483647;
			files = (
				7943DED11FEAFBE70093A783 /* LaunchScreen.storyboard in Resources */,
				7943DEF81FEB0F900093A783 /* GoogleService-Info.plist in Resources */,
				7943DECE1FEAFBE70093A783 /* Assets.xcassets in Resources */,
				7943DEC91FEAFBE70093A783 /* Main.storyboard in Resources */,
			);
			runOnlyForDeploymentPostprocessing = 0;
		};
		7943DED51FEAFBE70093A783 /* Resources */ = {
			isa = PBXResourcesBuildPhase;
			buildActionMask = 2147483647;
			files = (
			);
			runOnlyForDeploymentPostprocessing = 0;
		};
		7943DEE01FEAFBE70093A783 /* Resources */ = {
			isa = PBXResourcesBuildPhase;
			buildActionMask = 2147483647;
			files = (
			);
			runOnlyForDeploymentPostprocessing = 0;
		};
/* End PBXResourcesBuildPhase section */

/* Begin PBXShellScriptBuildPhase section */
		0725D6071453C1C8845BE891 /* [CP] Copy Pods Resources */ = {
			isa = PBXShellScriptBuildPhase;
			buildActionMask = 2147483647;
			files = (
			);
			inputPaths = (
			);
			name = "[CP] Copy Pods Resources";
			outputPaths = (
			);
			runOnlyForDeploymentPostprocessing = 0;
			shellPath = /bin/sh;
			shellScript = "\"${SRCROOT}/Pods/Target Support Files/Pods-InstagramFirebase/Pods-InstagramFirebase-resources.sh\"\n";
			showEnvVarsInLog = 0;
		};
		425E9447721CAB0D2BC80579 /* [CP] Check Pods Manifest.lock */ = {
			isa = PBXShellScriptBuildPhase;
			buildActionMask = 2147483647;
			files = (
			);
			inputPaths = (
			);
			name = "[CP] Check Pods Manifest.lock";
			outputPaths = (
			);
			runOnlyForDeploymentPostprocessing = 0;
			shellPath = /bin/sh;
			shellScript = "diff \"${PODS_PODFILE_DIR_PATH}/Podfile.lock\" \"${PODS_ROOT}/Manifest.lock\" > /dev/null\nif [ $? != 0 ] ; then\n    # print error to STDERR\n    echo \"error: The sandbox is not in sync with the Podfile.lock. Run 'pod install' or update your CocoaPods installation.\" >&2\n    exit 1\nfi\n";
			showEnvVarsInLog = 0;
		};
		598B841E7E3B5626A4BE9B08 /* [CP] Check Pods Manifest.lock */ = {
			isa = PBXShellScriptBuildPhase;
			buildActionMask = 2147483647;
			files = (
			);
			inputPaths = (
			);
			name = "[CP] Check Pods Manifest.lock";
			outputPaths = (
			);
			runOnlyForDeploymentPostprocessing = 0;
			shellPath = /bin/sh;
			shellScript = "diff \"${PODS_PODFILE_DIR_PATH}/Podfile.lock\" \"${PODS_ROOT}/Manifest.lock\" > /dev/null\nif [ $? != 0 ] ; then\n    # print error to STDERR\n    echo \"error: The sandbox is not in sync with the Podfile.lock. Run 'pod install' or update your CocoaPods installation.\" >&2\n    exit 1\nfi\n";
			showEnvVarsInLog = 0;
		};
		74B5D0986E158E1B9911A9DB /* [CP] Check Pods Manifest.lock */ = {
			isa = PBXShellScriptBuildPhase;
			buildActionMask = 2147483647;
			files = (
			);
			inputPaths = (
			);
			name = "[CP] Check Pods Manifest.lock";
			outputPaths = (
			);
			runOnlyForDeploymentPostprocessing = 0;
			shellPath = /bin/sh;
			shellScript = "diff \"${PODS_PODFILE_DIR_PATH}/Podfile.lock\" \"${PODS_ROOT}/Manifest.lock\" > /dev/null\nif [ $? != 0 ] ; then\n    # print error to STDERR\n    echo \"error: The sandbox is not in sync with the Podfile.lock. Run 'pod install' or update your CocoaPods installation.\" >&2\n    exit 1\nfi\n";
			showEnvVarsInLog = 0;
		};
		81F0F338A4F7D11BFBA9D078 /* [CP] Embed Pods Frameworks */ = {
			isa = PBXShellScriptBuildPhase;
			buildActionMask = 2147483647;
			files = (
			);
			inputPaths = (
			);
			name = "[CP] Embed Pods Frameworks";
			outputPaths = (
			);
			runOnlyForDeploymentPostprocessing = 0;
			shellPath = /bin/sh;
			shellScript = "\"${SRCROOT}/Pods/Target Support Files/Pods-InstagramFirebaseTests/Pods-InstagramFirebaseTests-frameworks.sh\"\n";
			showEnvVarsInLog = 0;
		};
		91E991DAD02A8B136351AFC0 /* [CP] Embed Pods Frameworks */ = {
			isa = PBXShellScriptBuildPhase;
			buildActionMask = 2147483647;
			files = (
			);
			inputPaths = (
			);
			name = "[CP] Embed Pods Frameworks";
			outputPaths = (
			);
			runOnlyForDeploymentPostprocessing = 0;
			shellPath = /bin/sh;
			shellScript = "\"${SRCROOT}/Pods/Target Support Files/Pods-InstagramFirebase/Pods-InstagramFirebase-frameworks.sh\"\n";
			showEnvVarsInLog = 0;
		};
		A4EDEE87CBADE8F2140EF3EF /* [CP] Embed Pods Frameworks */ = {
			isa = PBXShellScriptBuildPhase;
			buildActionMask = 2147483647;
			files = (
			);
			inputPaths = (
			);
			name = "[CP] Embed Pods Frameworks";
			outputPaths = (
			);
			runOnlyForDeploymentPostprocessing = 0;
			shellPath = /bin/sh;
			shellScript = "\"${SRCROOT}/Pods/Target Support Files/Pods-InstagramFirebaseUITests/Pods-InstagramFirebaseUITests-frameworks.sh\"\n";
			showEnvVarsInLog = 0;
		};
		B18424CC534CC39CE0FB7296 /* [CP] Copy Pods Resources */ = {
			isa = PBXShellScriptBuildPhase;
			buildActionMask = 2147483647;
			files = (
			);
			inputPaths = (
			);
			name = "[CP] Copy Pods Resources";
			outputPaths = (
			);
			runOnlyForDeploymentPostprocessing = 0;
			shellPath = /bin/sh;
			shellScript = "\"${SRCROOT}/Pods/Target Support Files/Pods-InstagramFirebaseTests/Pods-InstagramFirebaseTests-resources.sh\"\n";
			showEnvVarsInLog = 0;
		};
		C98EC6CE08B3E503F28D439E /* [CP] Copy Pods Resources */ = {
			isa = PBXShellScriptBuildPhase;
			buildActionMask = 2147483647;
			files = (
			);
			inputPaths = (
			);
			name = "[CP] Copy Pods Resources";
			outputPaths = (
			);
			runOnlyForDeploymentPostprocessing = 0;
			shellPath = /bin/sh;
			shellScript = "\"${SRCROOT}/Pods/Target Support Files/Pods-InstagramFirebaseUITests/Pods-InstagramFirebaseUITests-resources.sh\"\n";
			showEnvVarsInLog = 0;
		};
/* End PBXShellScriptBuildPhase section */

/* Begin PBXSourcesBuildPhase section */
		7943DEBC1FEAFBE70093A783 /* Sources */ = {
			isa = PBXSourcesBuildPhase;
			buildActionMask = 2147483647;
			files = (
				7943DECC1FEAFBE70093A783 /* InstagramFirebase.xcdatamodeld in Sources */,
				7991CDAB1FEDD4BB004A2CDA /* HomePostCell.swift in Sources */,
				7983BD311FF0D9E50015A095 /* CustomAnimationDismisser.swift in Sources */,
				792CEB181FEB400500BA7543 /* UserProfileHeader.swift in Sources */,
				7943DEC61FEAFBE70093A783 /* SignUpController.swift in Sources */,
				7983BD331FF0E29D0015A095 /* CommentsController.swift in Sources */,
				792CEB1E1FEB6C3C00BA7543 /* PhotoSelectorController.swift in Sources */,
				79E4707A1FED024700D89833 /* CustomImageView.swift in Sources */,
				793900971FF0B4B800C815E9 /* CameraController.swift in Sources */,
				792CEB151FEB3C2600BA7543 /* UserProfileController.swift in Sources */,
				792CEB131FEB3BB400BA7543 /* MainTabBarController.swift in Sources */,
				79E470761FECFC9B00D89833 /* Post.swift in Sources */,
				79E470731FECDF9200D89833 /* SharePhotoController.swift in Sources */,
				797D52501FEF8FAE00B76F6A /* UserSearchController.swift in Sources */,
				792CEB221FEB884F00BA7543 /* PhotoSelectorHeader.swift in Sources */,
				792CEB1B1FEB509500BA7543 /* LoginController.swift in Sources */,
				7983BD2D1FF0D4DF0015A095 /* PreviewPhotoContainerView.swift in Sources */,
				7943DEC41FEAFBE70093A783 /* AppDelegate.swift in Sources */,
				79405ECA1FEDD3AA0003F9FF /* HomeController.swift in Sources */,
				797D524B1FEF4B0700B76F6A /* User.swift in Sources */,
				797D524D1FEF848B00B76F6A /* FirebaseDatabaseUtils.swift in Sources */,
				79E470781FECFD9900D89833 /* UserProfilePhotoCell.swift in Sources */,
				7943DEF61FEB07EF0093A783 /* Extensions.swift in Sources */,
				797D52521FEF936500B76F6A /* UserSearchCell.swift in Sources */,
				7983BD2F1FF0D9CE0015A095 /* CustomAnimationPresentor.swift in Sources */,
				792CEB201FEB855700BA7543 /* PhotoSelectorCell.swift in Sources */,
			);
			runOnlyForDeploymentPostprocessing = 0;
		};
		7943DED31FEAFBE70093A783 /* Sources */ = {
			isa = PBXSourcesBuildPhase;
			buildActionMask = 2147483647;
			files = (
				7943DEDC1FEAFBE70093A783 /* InstagramFirebaseTests.swift in Sources */,
			);
			runOnlyForDeploymentPostprocessing = 0;
		};
		7943DEDE1FEAFBE70093A783 /* Sources */ = {
			isa = PBXSourcesBuildPhase;
			buildActionMask = 2147483647;
			files = (
				7943DEE71FEAFBE70093A783 /* InstagramFirebaseUITests.swift in Sources */,
			);
			runOnlyForDeploymentPostprocessing = 0;
		};
/* End PBXSourcesBuildPhase section */

/* Begin PBXTargetDependency section */
		7943DED91FEAFBE70093A783 /* PBXTargetDependency */ = {
			isa = PBXTargetDependency;
			target = 7943DEBF1FEAFBE70093A783 /* InstagramFirebase */;
			targetProxy = 7943DED81FEAFBE70093A783 /* PBXContainerItemProxy */;
		};
		7943DEE41FEAFBE70093A783 /* PBXTargetDependency */ = {
			isa = PBXTargetDependency;
			target = 7943DEBF1FEAFBE70093A783 /* InstagramFirebase */;
			targetProxy = 7943DEE31FEAFBE70093A783 /* PBXContainerItemProxy */;
		};
/* End PBXTargetDependency section */

/* Begin PBXVariantGroup section */
		7943DEC71FEAFBE70093A783 /* Main.storyboard */ = {
			isa = PBXVariantGroup;
			children = (
				7943DEC81FEAFBE70093A783 /* Base */,
			);
			name = Main.storyboard;
			sourceTree = "<group>";
		};
		7943DECF1FEAFBE70093A783 /* LaunchScreen.storyboard */ = {
			isa = PBXVariantGroup;
			children = (
				7943DED01FEAFBE70093A783 /* Base */,
			);
			name = LaunchScreen.storyboard;
			sourceTree = "<group>";
		};
/* End PBXVariantGroup section */

/* Begin XCBuildConfiguration section */
		7943DEE91FEAFBE70093A783 /* Debug */ = {
			isa = XCBuildConfiguration;
			buildSettings = {
				ALWAYS_SEARCH_USER_PATHS = NO;
				CLANG_ANALYZER_NONNULL = YES;
				CLANG_ANALYZER_NUMBER_OBJECT_CONVERSION = YES_AGGRESSIVE;
				CLANG_CXX_LANGUAGE_STANDARD = "gnu++14";
				CLANG_CXX_LIBRARY = "libc++";
				CLANG_ENABLE_MODULES = YES;
				CLANG_ENABLE_OBJC_ARC = YES;
				CLANG_WARN_BLOCK_CAPTURE_AUTORELEASING = YES;
				CLANG_WARN_BOOL_CONVERSION = YES;
				CLANG_WARN_COMMA = YES;
				CLANG_WARN_CONSTANT_CONVERSION = YES;
				CLANG_WARN_DIRECT_OBJC_ISA_USAGE = YES_ERROR;
				CLANG_WARN_DOCUMENTATION_COMMENTS = YES;
				CLANG_WARN_EMPTY_BODY = YES;
				CLANG_WARN_ENUM_CONVERSION = YES;
				CLANG_WARN_INFINITE_RECURSION = YES;
				CLANG_WARN_INT_CONVERSION = YES;
				CLANG_WARN_NON_LITERAL_NULL_CONVERSION = YES;
				CLANG_WARN_OBJC_LITERAL_CONVERSION = YES;
				CLANG_WARN_OBJC_ROOT_CLASS = YES_ERROR;
				CLANG_WARN_RANGE_LOOP_ANALYSIS = YES;
				CLANG_WARN_STRICT_PROTOTYPES = YES;
				CLANG_WARN_SUSPICIOUS_MOVE = YES;
				CLANG_WARN_UNGUARDED_AVAILABILITY = YES_AGGRESSIVE;
				CLANG_WARN_UNREACHABLE_CODE = YES;
				CLANG_WARN__DUPLICATE_METHOD_MATCH = YES;
				CODE_SIGN_IDENTITY = "iPhone Developer";
				COPY_PHASE_STRIP = NO;
				DEBUG_INFORMATION_FORMAT = dwarf;
				ENABLE_STRICT_OBJC_MSGSEND = YES;
				ENABLE_TESTABILITY = YES;
				GCC_C_LANGUAGE_STANDARD = gnu11;
				GCC_DYNAMIC_NO_PIC = NO;
				GCC_NO_COMMON_BLOCKS = YES;
				GCC_OPTIMIZATION_LEVEL = 0;
				GCC_PREPROCESSOR_DEFINITIONS = (
					"DEBUG=1",
					"$(inherited)",
				);
				GCC_WARN_64_TO_32_BIT_CONVERSION = YES;
				GCC_WARN_ABOUT_RETURN_TYPE = YES_ERROR;
				GCC_WARN_UNDECLARED_SELECTOR = YES;
				GCC_WARN_UNINITIALIZED_AUTOS = YES_AGGRESSIVE;
				GCC_WARN_UNUSED_FUNCTION = YES;
				GCC_WARN_UNUSED_VARIABLE = YES;
				IPHONEOS_DEPLOYMENT_TARGET = 11.0;
				MTL_ENABLE_DEBUG_INFO = YES;
				ONLY_ACTIVE_ARCH = YES;
				SDKROOT = iphoneos;
				SWIFT_ACTIVE_COMPILATION_CONDITIONS = DEBUG;
				SWIFT_OPTIMIZATION_LEVEL = "-Onone";
			};
			name = Debug;
		};
		7943DEEA1FEAFBE70093A783 /* Release */ = {
			isa = XCBuildConfiguration;
			buildSettings = {
				ALWAYS_SEARCH_USER_PATHS = NO;
				CLANG_ANALYZER_NONNULL = YES;
				CLANG_ANALYZER_NUMBER_OBJECT_CONVERSION = YES_AGGRESSIVE;
				CLANG_CXX_LANGUAGE_STANDARD = "gnu++14";
				CLANG_CXX_LIBRARY = "libc++";
				CLANG_ENABLE_MODULES = YES;
				CLANG_ENABLE_OBJC_ARC = YES;
				CLANG_WARN_BLOCK_CAPTURE_AUTORELEASING = YES;
				CLANG_WARN_BOOL_CONVERSION = YES;
				CLANG_WARN_COMMA = YES;
				CLANG_WARN_CONSTANT_CONVERSION = YES;
				CLANG_WARN_DIRECT_OBJC_ISA_USAGE = YES_ERROR;
				CLANG_WARN_DOCUMENTATION_COMMENTS = YES;
				CLANG_WARN_EMPTY_BODY = YES;
				CLANG_WARN_ENUM_CONVERSION = YES;
				CLANG_WARN_INFINITE_RECURSION = YES;
				CLANG_WARN_INT_CONVERSION = YES;
				CLANG_WARN_NON_LITERAL_NULL_CONVERSION = YES;
				CLANG_WARN_OBJC_LITERAL_CONVERSION = YES;
				CLANG_WARN_OBJC_ROOT_CLASS = YES_ERROR;
				CLANG_WARN_RANGE_LOOP_ANALYSIS = YES;
				CLANG_WARN_STRICT_PROTOTYPES = YES;
				CLANG_WARN_SUSPICIOUS_MOVE = YES;
				CLANG_WARN_UNGUARDED_AVAILABILITY = YES_AGGRESSIVE;
				CLANG_WARN_UNREACHABLE_CODE = YES;
				CLANG_WARN__DUPLICATE_METHOD_MATCH = YES;
				CODE_SIGN_IDENTITY = "iPhone Developer";
				COPY_PHASE_STRIP = NO;
				DEBUG_INFORMATION_FORMAT = "dwarf-with-dsym";
				ENABLE_NS_ASSERTIONS = NO;
				ENABLE_STRICT_OBJC_MSGSEND = YES;
				GCC_C_LANGUAGE_STANDARD = gnu11;
				GCC_NO_COMMON_BLOCKS = YES;
				GCC_WARN_64_TO_32_BIT_CONVERSION = YES;
				GCC_WARN_ABOUT_RETURN_TYPE = YES_ERROR;
				GCC_WARN_UNDECLARED_SELECTOR = YES;
				GCC_WARN_UNINITIALIZED_AUTOS = YES_AGGRESSIVE;
				GCC_WARN_UNUSED_FUNCTION = YES;
				GCC_WARN_UNUSED_VARIABLE = YES;
				IPHONEOS_DEPLOYMENT_TARGET = 11.0;
				MTL_ENABLE_DEBUG_INFO = NO;
				SDKROOT = iphoneos;
				SWIFT_OPTIMIZATION_LEVEL = "-Owholemodule";
				VALIDATE_PRODUCT = YES;
			};
			name = Release;
		};
		7943DEEC1FEAFBE70093A783 /* Debug */ = {
			isa = XCBuildConfiguration;
			baseConfigurationReference = BA49BB05AA3B279ACFE20294 /* Pods-InstagramFirebase.debug.xcconfig */;
			buildSettings = {
				ASSETCATALOG_COMPILER_APPICON_NAME = AppIcon;
				CODE_SIGN_STYLE = Automatic;
				DEVELOPMENT_TEAM = VETRU2J3NX;
				INFOPLIST_FILE = InstagramFirebase/Info.plist;
				LD_RUNPATH_SEARCH_PATHS = "$(inherited) @executable_path/Frameworks";
				PRODUCT_BUNDLE_IDENTIFIER = com.maxthedev.instagramfirebase;
				PRODUCT_NAME = "$(TARGET_NAME)";
				SWIFT_VERSION = 4.0;
				TARGETED_DEVICE_FAMILY = "1,2";
			};
			name = Debug;
		};
		7943DEED1FEAFBE70093A783 /* Release */ = {
			isa = XCBuildConfiguration;
			baseConfigurationReference = D925218225EF5464A4AFF5D0 /* Pods-InstagramFirebase.release.xcconfig */;
			buildSettings = {
				ASSETCATALOG_COMPILER_APPICON_NAME = AppIcon;
				CODE_SIGN_STYLE = Automatic;
				DEVELOPMENT_TEAM = VETRU2J3NX;
				INFOPLIST_FILE = InstagramFirebase/Info.plist;
				LD_RUNPATH_SEARCH_PATHS = "$(inherited) @executable_path/Frameworks";
				PRODUCT_BUNDLE_IDENTIFIER = com.maxthedev.instagramfirebase;
				PRODUCT_NAME = "$(TARGET_NAME)";
				SWIFT_VERSION = 4.0;
				TARGETED_DEVICE_FAMILY = "1,2";
			};
			name = Release;
		};
		7943DEEF1FEAFBE70093A783 /* Debug */ = {
			isa = XCBuildConfiguration;
			baseConfigurationReference = 705AB3192D48613D2575EDAB /* Pods-InstagramFirebaseTests.debug.xcconfig */;
			buildSettings = {
				ALWAYS_EMBED_SWIFT_STANDARD_LIBRARIES = YES;
				BUNDLE_LOADER = "$(TEST_HOST)";
				CODE_SIGN_STYLE = Automatic;
				DEVELOPMENT_TEAM = VETRU2J3NX;
				INFOPLIST_FILE = InstagramFirebaseTests/Info.plist;
				LD_RUNPATH_SEARCH_PATHS = "$(inherited) @executable_path/Frameworks @loader_path/Frameworks";
				PRODUCT_BUNDLE_IDENTIFIER = com.maxnelsondevelopment.InstagramFirebaseTests;
				PRODUCT_NAME = "$(TARGET_NAME)";
				SWIFT_VERSION = 4.0;
				TARGETED_DEVICE_FAMILY = "1,2";
				TEST_HOST = "$(BUILT_PRODUCTS_DIR)/InstagramFirebase.app/InstagramFirebase";
			};
			name = Debug;
		};
		7943DEF01FEAFBE70093A783 /* Release */ = {
			isa = XCBuildConfiguration;
			baseConfigurationReference = 6E35BCF44AA5B608E6ABFFD6 /* Pods-InstagramFirebaseTests.release.xcconfig */;
			buildSettings = {
				ALWAYS_EMBED_SWIFT_STANDARD_LIBRARIES = YES;
				BUNDLE_LOADER = "$(TEST_HOST)";
				CODE_SIGN_STYLE = Automatic;
				DEVELOPMENT_TEAM = VETRU2J3NX;
				INFOPLIST_FILE = InstagramFirebaseTests/Info.plist;
				LD_RUNPATH_SEARCH_PATHS = "$(inherited) @executable_path/Frameworks @loader_path/Frameworks";
				PRODUCT_BUNDLE_IDENTIFIER = com.maxnelsondevelopment.InstagramFirebaseTests;
				PRODUCT_NAME = "$(TARGET_NAME)";
				SWIFT_VERSION = 4.0;
				TARGETED_DEVICE_FAMILY = "1,2";
				TEST_HOST = "$(BUILT_PRODUCTS_DIR)/InstagramFirebase.app/InstagramFirebase";
			};
			name = Release;
		};
		7943DEF21FEAFBE70093A783 /* Debug */ = {
			isa = XCBuildConfiguration;
			baseConfigurationReference = FBB351242BC4883E0C5559F2 /* Pods-InstagramFirebaseUITests.debug.xcconfig */;
			buildSettings = {
				ALWAYS_EMBED_SWIFT_STANDARD_LIBRARIES = YES;
				CODE_SIGN_STYLE = Automatic;
				DEVELOPMENT_TEAM = VETRU2J3NX;
				INFOPLIST_FILE = InstagramFirebaseUITests/Info.plist;
				LD_RUNPATH_SEARCH_PATHS = "$(inherited) @executable_path/Frameworks @loader_path/Frameworks";
				PRODUCT_BUNDLE_IDENTIFIER = com.maxnelsondevelopment.InstagramFirebaseUITests;
				PRODUCT_NAME = "$(TARGET_NAME)";
				SWIFT_VERSION = 4.0;
				TARGETED_DEVICE_FAMILY = "1,2";
				TEST_TARGET_NAME = InstagramFirebase;
			};
			name = Debug;
		};
		7943DEF31FEAFBE70093A783 /* Release */ = {
			isa = XCBuildConfiguration;
			baseConfigurationReference = 2E33DB015AE6A55E19BDA3E3 /* Pods-InstagramFirebaseUITests.release.xcconfig */;
			buildSettings = {
				ALWAYS_EMBED_SWIFT_STANDARD_LIBRARIES = YES;
				CODE_SIGN_STYLE = Automatic;
				DEVELOPMENT_TEAM = VETRU2J3NX;
				INFOPLIST_FILE = InstagramFirebaseUITests/Info.plist;
				LD_RUNPATH_SEARCH_PATHS = "$(inherited) @executable_path/Frameworks @loader_path/Frameworks";
				PRODUCT_BUNDLE_IDENTIFIER = com.maxnelsondevelopment.InstagramFirebaseUITests;
				PRODUCT_NAME = "$(TARGET_NAME)";
				SWIFT_VERSION = 4.0;
				TARGETED_DEVICE_FAMILY = "1,2";
				TEST_TARGET_NAME = InstagramFirebase;
			};
			name = Release;
		};
/* End XCBuildConfiguration section */

/* Begin XCConfigurationList section */
		7943DEBB1FEAFBE70093A783 /* Build configuration list for PBXProject "InstagramFirebase" */ = {
			isa = XCConfigurationList;
			buildConfigurations = (
				7943DEE91FEAFBE70093A783 /* Debug */,
				7943DEEA1FEAFBE70093A783 /* Release */,
			);
			defaultConfigurationIsVisible = 0;
			defaultConfigurationName = Release;
		};
		7943DEEB1FEAFBE70093A783 /* Build configuration list for PBXNativeTarget "InstagramFirebase" */ = {
			isa = XCConfigurationList;
			buildConfigurations = (
				7943DEEC1FEAFBE70093A783 /* Debug */,
				7943DEED1FEAFBE70093A783 /* Release */,
			);
			defaultConfigurationIsVisible = 0;
			defaultConfigurationName = Release;
		};
		7943DEEE1FEAFBE70093A783 /* Build configuration list for PBXNativeTarget "InstagramFirebaseTests" */ = {
			isa = XCConfigurationList;
			buildConfigurations = (
				7943DEEF1FEAFBE70093A783 /* Debug */,
				7943DEF01FEAFBE70093A783 /* Release */,
			);
			defaultConfigurationIsVisible = 0;
			defaultConfigurationName = Release;
		};
		7943DEF11FEAFBE70093A783 /* Build configuration list for PBXNativeTarget "InstagramFirebaseUITests" */ = {
			isa = XCConfigurationList;
			buildConfigurations = (
				7943DEF21FEAFBE70093A783 /* Debug */,
				7943DEF31FEAFBE70093A783 /* Release */,
			);
			defaultConfigurationIsVisible = 0;
			defaultConfigurationName = Release;
		};
/* End XCConfigurationList section */

/* Begin XCVersionGroup section */
		7943DECA1FEAFBE70093A783 /* InstagramFirebase.xcdatamodeld */ = {
			isa = XCVersionGroup;
			children = (
				7943DECB1FEAFBE70093A783 /* InstagramFirebase.xcdatamodel */,
			);
			currentVersion = 7943DECB1FEAFBE70093A783 /* InstagramFirebase.xcdatamodel */;
			path = InstagramFirebase.xcdatamodeld;
			sourceTree = "<group>";
			versionGroupType = wrapper.xcdatamodel;
		};
/* End XCVersionGroup section */
	};
	rootObject = 7943DEB81FEAFBE70093A783 /* Project object */;
}
